github.com/dhamidi/dispatch v0.1.0 h1:YytSBWZ5pUkPJqVlp2W71zFq33QMCnCpQqn18wZm/pU=
github.com/dhamidi/dispatch v0.1.0/go.mod h1:041ANfuJdBNx0McxzrMgrqhP9sli1eeI5rrXlOVDG/o=
github.com/dhamidi/htmlc v1.0.0 h1:Tg8zCi4NjKEf3UXkhhmpyQqlLhKHVxxJjkmji77PfUw=
github.com/dhamidi/htmlc v1.0.0/go.mod h1:lc0btTsQZWQwGgs4c45BoKC7vha/wPlB1fEODt5OgbY=
github.com/dhamidi/uritemplate v0.0.0-20260309212444-dd9522d147b0 h1:VWqgv48bHh/1dmQiEC5Li7gXu3DRsYIjlmX1ugVJDeE=
github.com/dhamidi/uritemplate v0.0.0-20260309212444-dd9522d147b0/go.mod h1:9mnGMuRlFfRVlStnK/5zyvr/77uEABGYwhkfpsAo+Zk=
github.com/yuin/goldmark v1.8.2 h1:kEGpgqJXdgbkhcOgBxkC0X0PmoPG1ZyoZ117rDVp4zE=
github.com/yuin/goldmark v1.8.2/go.mod h1:ip/1k0VRfGynBgxOz0yCqHrbZXhcjxyuS66Brc7iBKg=
golang.org/x/net v0.51.0 h1:94R/GTO7mt3/4wIKpcR5gkGmRLOuE/2hNGeWq/GBIFo=
golang.org/x/net v0.51.0/go.mod h1:aamm+2QF5ogm02fjy5Bb7CQ0WMt1/WVM7FtyaTLlA9Y=
golang.org/x/text v0.35.0 h1:JOVx6vVDFokkpaq1AEptVzLTpDe9KGpj5tR4/X+ybL8=
golang.org/x/text v0.35.0/go.mod h1:khi/HExzZJ2pGnjenulevKNX1W67CUy0AsXcNubPGCA=
